# THIS IS AN AUTOGENERATED FILE. DO NOT EDIT THIS FILE DIRECTLY.
# yarn lockfile v1


"@types/node@^13.11.0":
  version "13.13.12"
  resolved "https://registry.yarnpkg.com/@types/node/-/node-13.13.12.tgz#9c72e865380a7dc99999ea0ef20fc9635b503d20"
  integrity sha512-zWz/8NEPxoXNT9YyF2osqyA9WjssZukYpgI4UYZpOjcyqwIUqWGkcCionaEb9Ki+FULyPyvNFpg/329Kd2/pbw==

typescript@3.9.5:
  version "3.9.5"
  resolved "https://registry.yarnpkg.com/typescript/-/typescript-3.9.5.tgz#586f0dba300cde8be52dd1ac4f7e1009c1b13f36"
  integrity sha512-hSAifV3k+i6lEoCJ2k6R2Z/rp/H3+8sdmcn5NrS3/3kE7+RyZXm9aqvxWqjEXHAd8b0pShatpcdMTvEdvAJltQ==
